// !$*UTF8*$!
{
	archiveVersion = 1;
	classes = {
	};
	objectVersion = 50;
	objects = {

/* Begin PBXBuildFile section */
		F2204CF0263CF1F40069D299 /* RoundedTextField.swift in Sources */ = {isa = PBXBuildFile; fileRef = F2204CEF263CF1F40069D299 /* RoundedTextField.swift */; };
		F25559CC26346C3A000AFD25 /* RestaurantDiffableDataSource.swift in Sources */ = {isa = PBXBuildFile; fileRef = F25559CB26346C3A000AFD25 /* RestaurantDiffableDataSource.swift */; };
		F25559D22634C0A8000AFD25 /* RestaurantDetailViewController.swift in Sources */ = {isa = PBXBuildFile; fileRef = F25559D12634C0A8000AFD25 /* RestaurantDetailViewController.swift */; };
		F25559D926361B15000AFD25 /* Nunito-Bold.ttf in Resources */ = {isa = PBXBuildFile; fileRef = F25559D726361AD3000AFD25 /* Nunito-Bold.ttf */; };
		F25559DA26361B15000AFD25 /* Nunito-Regular.ttf in Resources */ = {isa = PBXBuildFile; fileRef = F25559D826361AD3000AFD25 /* Nunito-Regular.ttf */; };
		F25559DD26361F25000AFD25 /* RestaurantDetailHeaderView.swift in Sources */ = {isa = PBXBuildFile; fileRef = F25559DC26361F25000AFD25 /* RestaurantDetailHeaderView.swift */; };
		F25559E02636255C000AFD25 /* RestaurantDetailTextCell.swift in Sources */ = {isa = PBXBuildFile; fileRef = F25559DF2636255C000AFD25 /* RestaurantDetailTextCell.swift */; };
		F25559E426362774000AFD25 /* RestaurantDetailTwoColumnCell.swift in Sources */ = {isa = PBXBuildFile; fileRef = F25559E326362774000AFD25 /* RestaurantDetailTwoColumnCell.swift */; };
		F26F94412639AFE500F8D5A5 /* MapViewController.swift in Sources */ = {isa = PBXBuildFile; fileRef = F26F94402639AFE500F8D5A5 /* MapViewController.swift */; };
		F27B2F01263261C000BFDA57 /* Restaurant.swift in Sources */ = {isa = PBXBuildFile; fileRef = F27B2F00263261BF00BFDA57 /* Restaurant.swift */; };
		F29499D2262E4A1000558970 /* AppDelegate.swift in Sources */ = {isa = PBXBuildFile; fileRef = F29499D1262E4A1000558970 /* AppDelegate.swift */; };
		F29499D4262E4A1000558970 /* SceneDelegate.swift in Sources */ = {isa = PBXBuildFile; fileRef = F29499D3262E4A1000558970 /* SceneDelegate.swift */; };
		F29499D9262E4A1000558970 /* Main.storyboard in Resources */ = {isa = PBXBuildFile; fileRef = F29499D7262E4A1000558970 /* Main.storyboard */; };
		F29499DB262E4A1300558970 /* Assets.xcassets in Resources */ = {isa = PBXBuildFile; fileRef = F29499DA262E4A1300558970 /* Assets.xcassets */; };
		F29499DE262E4A1300558970 /* LaunchScreen.storyboard in Resources */ = {isa = PBXBuildFile; fileRef = F29499DC262E4A1300558970 /* LaunchScreen.storyboard */; };
		F29499E8262E4BFF00558970 /* RestaurantTableViewController.swift in Sources */ = {isa = PBXBuildFile; fileRef = F29499E7262E4BFF00558970 /* RestaurantTableViewController.swift */; };
		F29499EB262E683D00558970 /* RestaurantTableViewCell.swift in Sources */ = {isa = PBXBuildFile; fileRef = F29499EA262E683D00558970 /* RestaurantTableViewCell.swift */; };
		F2C84644263BA59F00ADFE31 /* ReviewViewController.swift in Sources */ = {isa = PBXBuildFile; fileRef = F2C84643263BA59F00ADFE31 /* ReviewViewController.swift */; };
		F2E06EE32637AC2200C12C32 /* UIColor+Ext.swift in Sources */ = {isa = PBXBuildFile; fileRef = F2E06EE22637AC2200C12C32 /* UIColor+Ext.swift */; };
		F2E06EE62637AFB500C12C32 /* NavigationController.swift in Sources */ = {isa = PBXBuildFile; fileRef = F2E06EE52637AFB500C12C32 /* NavigationController.swift */; };
		F2E06EEC263862EC00C12C32 /* MapKit.framework in Frameworks */ = {isa = PBXBuildFile; fileRef = F2E06EEB263862EC00C12C32 /* MapKit.framework */; };
		F2E06EEF2638648600C12C32 /* RestaurantDetailMapCell.swift in Sources */ = {isa = PBXBuildFile; fileRef = F2E06EEE2638648600C12C32 /* RestaurantDetailMapCell.swift */; };
/* End PBXBuildFile section */

/* Begin PBXFileReference section */
		F2204CEF263CF1F40069D299 /* RoundedTextField.swift */ = {isa = PBXFileReference; lastKnownFileType = sourcecode.swift; path = RoundedTextField.swift; sourceTree = "<group>"; };
		F25559CB26346C3A000AFD25 /* RestaurantDiffableDataSource.swift */ = {isa = PBXFileReference; lastKnownFileType = sourcecode.swift; path = RestaurantDiffableDataSource.swift; sourceTree = "<group>"; };
		F25559D12634C0A8000AFD25 /* RestaurantDetailViewController.swift */ = {isa = PBXFileReference; lastKnownFileType = sourcecode.swift; path = RestaurantDetailViewController.swift; sourceTree = "<group>"; };
		F25559D726361AD3000AFD25 /* Nunito-Bold.ttf */ = {isa = PBXFileReference; lastKnownFileType = file; name = "Nunito-Bold.ttf"; path = "../../../../../Downloads/Nunito/Nunito-Bold.ttf"; sourceTree = "<group>"; };
		F25559D826361AD3000AFD25 /* Nunito-Regular.ttf */ = {isa = PBXFileReference; lastKnownFileType = file; name = "Nunito-Regular.ttf"; path = "../../../../../Downloads/Nunito/Nunito-Regular.ttf"; sourceTree = "<group>"; };
		F25559DC26361F25000AFD25 /* RestaurantDetailHeaderView.swift */ = {isa = PBXFileReference; lastKnownFileType = sourcecode.swift; path = RestaurantDetailHeaderView.swift; sourceTree = "<group>"; };
		F25559DF2636255C000AFD25 /* RestaurantDetailTextCell.swift */ = {isa = PBXFileReference; lastKnownFileType = sourcecode.swift; path = RestaurantDetailTextCell.swift; sourceTree = "<group>"; };
		F25559E326362774000AFD25 /* RestaurantDetailTwoColumnCell.swift */ = {isa = PBXFileReference; lastKnownFileType = sourcecode.swift; path = RestaurantDetailTwoColumnCell.swift; sourceTree = "<group>"; };
		F26F94402639AFE500F8D5A5 /* MapViewController.swift */ = {isa = PBXFileReference; lastKnownFileType = sourcecode.swift; path = MapViewController.swift; sourceTree = "<group>"; };
		F27B2F00263261BF00BFDA57 /* Restaurant.swift */ = {isa = PBXFileReference; lastKnownFileType = sourcecode.swift; path = Restaurant.swift; sourceTree = "<group>"; };
		F29499CE262E4A1000558970 /* FoodPin.app */ = {isa = PBXFileReference; explicitFileType = wrapper.application; includeInIndex = 0; path = FoodPin.app; sourceTree = BUILT_PRODUCTS_DIR; };
		F29499D1262E4A1000558970 /* AppDelegate.swift */ = {isa = PBXFileReference; lastKnownFileType = sourcecode.swift; path = AppDelegate.swift; sourceTree = "<group>"; };
		F29499D3262E4A1000558970 /* SceneDelegate.swift */ = {isa = PBXFileReference; lastKnownFileType = sourcecode.swift; path = SceneDelegate.swift; sourceTree = "<group>"; };
		F29499D8262E4A1000558970 /* Base */ = {isa = PBXFileReference; lastKnownFileType = file.storyboard; name = Base; path = Base.lproj/Main.storyboard; sourceTree = "<group>"; };
		F29499DA262E4A1300558970 /* Assets.xcassets */ = {isa = PBXFileReference; lastKnownFileType = folder.assetcatalog; path = Assets.xcassets; sourceTree = "<group>"; };
		F29499DD262E4A1300558970 /* Base */ = {isa = PBXFileReference; lastKnownFileType = file.storyboard; name = Base; path = Base.lproj/LaunchScreen.storyboard; sourceTree = "<group>"; };
		F29499DF262E4A1300558970 /* Info.plist */ = {isa = PBXFileReference; lastKnownFileType = text.plist.xml; path = Info.plist; sourceTree = "<group>"; };
		F29499E7262E4BFF00558970 /* RestaurantTableViewController.swift */ = {isa = PBXFileReference; lastKnownFileType = sourcecode.swift; path = RestaurantTableViewController.swift; sourceTree = "<group>"; };
		F29499EA262E683D00558970 /* RestaurantTableViewCell.swift */ = {isa = PBXFileReference; lastKnownFileType = sourcecode.swift; path = RestaurantTableViewCell.swift; sourceTree = "<group>"; };
		F2C84643263BA59F00ADFE31 /* ReviewViewController.swift */ = {isa = PBXFileReference; lastKnownFileType = sourcecode.swift; path = ReviewViewController.swift; sourceTree = "<group>"; };
		F2E06EE22637AC2200C12C32 /* UIColor+Ext.swift */ = {isa = PBXFileReference; lastKnownFileType = sourcecode.swift; path = "UIColor+Ext.swift"; sourceTree = "<group>"; };
		F2E06EE52637AFB500C12C32 /* NavigationController.swift */ = {isa = PBXFileReference; lastKnownFileType = sourcecode.swift; path = NavigationController.swift; sourceTree = "<group>"; };
		F2E06EEB263862EC00C12C32 /* MapKit.framework */ = {isa = PBXFileReference; lastKnownFileType = wrapper.framework; name = MapKit.framework; path = System/Library/Frameworks/MapKit.framework; sourceTree = SDKROOT; };
		F2E06EEE2638648600C12C32 /* RestaurantDetailMapCell.swift */ = {isa = PBXFileReference; lastKnownFileType = sourcecode.swift; path = RestaurantDetailMapCell.swift; sourceTree = "<group>"; };
/* End PBXFileReference section */

/* Begin PBXFrameworksBuildPhase section */
		F29499CB262E4A1000558970 /* Frameworks */ = {
			isa = PBXFrameworksBuildPhase;
			buildActionMask = 2147483647;
			files = (
				F2E06EEC263862EC00C12C32 /* MapKit.framework in Frameworks */,
			);
			runOnlyForDeploymentPostprocessing = 0;
		};
/* End PBXFrameworksBuildPhase section */

/* Begin PBXGroup section */
		F25559D526361AA2000AFD25 /* Resources */ = {
			isa = PBXGroup;
			children = (
				F25559D626361AAC000AFD25 /* Fonts */,
			);
			path = Resources;
			sourceTree = "<group>";
		};
		F25559D626361AAC000AFD25 /* Fonts */ = {
			isa = PBXGroup;
			children = (
				F25559D726361AD3000AFD25 /* Nunito-Bold.ttf */,
				F25559D826361AD3000AFD25 /* Nunito-Regular.ttf */,
			);
			path = Fonts;
			sourceTree = "<group>";
		};
		F27B2F03263268B000BFDA57 /* Controller */ = {
			isa = PBXGroup;
			children = (
				F29499E7262E4BFF00558970 /* RestaurantTableViewController.swift */,
				F25559D12634C0A8000AFD25 /* RestaurantDetailViewController.swift */,
				F2E06EE52637AFB500C12C32 /* NavigationController.swift */,
				F26F94402639AFE500F8D5A5 /* MapViewController.swift */,
				F2C84643263BA59F00ADFE31 /* ReviewViewController.swift */,
			);
			path = Controller;
			sourceTree = "<group>";
		};
		F27B2F04263268DD00BFDA57 /* View */ = {
			isa = PBXGroup;
			children = (
				F29499EA262E683D00558970 /* RestaurantTableViewCell.swift */,
				F25559DC26361F25000AFD25 /* RestaurantDetailHeaderView.swift */,
				F25559DF2636255C000AFD25 /* RestaurantDetailTextCell.swift */,
				F25559E326362774000AFD25 /* RestaurantDetailTwoColumnCell.swift */,
				F2E06EEE2638648600C12C32 /* RestaurantDetailMapCell.swift */,
				F2204CEF263CF1F40069D299 /* RoundedTextField.swift */,
			);
			path = View;
			sourceTree = "<group>";
		};
		F27B2F05263268FE00BFDA57 /* Storyboard */ = {
			isa = PBXGroup;
			children = (
				F29499D7262E4A1000558970 /* Main.storyboard */,
				F29499DC262E4A1300558970 /* LaunchScreen.storyboard */,
			);
			path = Storyboard;
			sourceTree = "<group>";
		};
		F27B2F062632691700BFDA57 /* Model */ = {
			isa = PBXGroup;
			children = (
				F27B2F00263261BF00BFDA57 /* Restaurant.swift */,
				F25559CB26346C3A000AFD25 /* RestaurantDiffableDataSource.swift */,
			);
			path = Model;
			sourceTree = "<group>";
		};
		F29499C5262E4A1000558970 = {
			isa = PBXGroup;
			children = (
				F29499D0262E4A1000558970 /* FoodPin */,
				F29499CF262E4A1000558970 /* Products */,
				F2E06EEA263862EC00C12C32 /* Frameworks */,
			);
			sourceTree = "<group>";
		};
		F29499CF262E4A1000558970 /* Products */ = {
			isa = PBXGroup;
			children = (
				F29499CE262E4A1000558970 /* FoodPin.app */,
			);
			name = Products;
			sourceTree = "<group>";
		};
		F29499D0262E4A1000558970 /* FoodPin */ = {
			isa = PBXGroup;
			children = (
				F2E06EE12637ABE900C12C32 /* Extensions */,
				F25559D526361AA2000AFD25 /* Resources */,
				F27B2F062632691700BFDA57 /* Model */,
				F27B2F05263268FE00BFDA57 /* Storyboard */,
				F27B2F04263268DD00BFDA57 /* View */,
				F27B2F03263268B000BFDA57 /* Controller */,
				F29499D1262E4A1000558970 /* AppDelegate.swift */,
				F29499D3262E4A1000558970 /* SceneDelegate.swift */,
				F29499DA262E4A1300558970 /* Assets.xcassets */,
				F29499DF262E4A1300558970 /* Info.plist */,
			);
			path = FoodPin;
			sourceTree = "<group>";
		};
		F2E06EE12637ABE900C12C32 /* Extensions */ = {
			isa = PBXGroup;
			children = (
				F2E06EE22637AC2200C12C32 /* UIColor+Ext.swift */,
			);
			path = Extensions;
			sourceTree = "<group>";
		};
		F2E06EEA263862EC00C12C32 /* Frameworks */ = {
			isa = PBXGroup;
			children = (
				F2E06EEB263862EC00C12C32 /* MapKit.framework */,
			);
			name = Frameworks;
			sourceTree = "<group>";
		};
/* End PBXGroup section */

/* Begin PBXNativeTarget section */
		F29499CD262E4A1000558970 /* FoodPin */ = {
			isa = PBXNativeTarget;
			buildConfigurationList = F29499E2262E4A1300558970 /* Build configuration list for PBXNativeTarget "FoodPin" */;
			buildPhases = (
				F29499CA262E4A1000558970 /* Sources */,
				F29499CB262E4A1000558970 /* Frameworks */,
				F29499CC262E4A1000558970 /* Resources */,
			);
			buildRules = (
			);
			dependencies = (
			);
			name = FoodPin;
			productName = FoodPin;
			productReference = F29499CE262E4A1000558970 /* FoodPin.app */;
			productType = "com.apple.product-type.application";
		};
/* End PBXNativeTarget section */

/* Begin PBXProject section */
		F29499C6262E4A1000558970 /* Project object */ = {
			isa = PBXProject;
			attributes = {
				LastSwiftUpdateCheck = 1240;
				LastUpgradeCheck = 1240;
				TargetAttributes = {
					F29499CD262E4A1000558970 = {
						CreatedOnToolsVersion = 12.4;
					};
				};
			};
			buildConfigurationList = F29499C9262E4A1000558970 /* Build configuration list for PBXProject "FoodPin" */;
			compatibilityVersion = "Xcode 9.3";
			developmentRegion = en;
			hasScannedForEncodings = 0;
			knownRegions = (
				en,
				Base,
			);
			mainGroup = F29499C5262E4A1000558970;
			productRefGroup = F29499CF262E4A1000558970 /* Products */;
			projectDirPath = "";
			projectRoot = "";
			targets = (
				F29499CD262E4A1000558970 /* FoodPin */,
			);
		};
/* End PBXProject section */

/* Begin PBXResourcesBuildPhase section */
		F29499CC262E4A1000558970 /* Resources */ = {
			isa = PBXResourcesBuildPhase;
			buildActionMask = 2147483647;
			files = (
				F25559DA26361B15000AFD25 /* Nunito-Regular.ttf in Resources */,
				F29499DE262E4A1300558970 /* LaunchScreen.storyboard in Resources */,
				F29499DB262E4A1300558970 /* Assets.xcassets in Resources */,
				F25559D926361B15000AFD25 /* Nunito-Bold.ttf in Resources */,
				F29499D9262E4A1000558970 /* Main.storyboard in Resources */,
			);
			runOnlyForDeploymentPostprocessing = 0;
		};
/* End PBXResourcesBuildPhase section */

/* Begin PBXSourcesBuildPhase section */
		F29499CA262E4A1000558970 /* Sources */ = {
			isa = PBXSourcesBuildPhase;
			buildActionMask = 2147483647;
			files = (
				F25559E02636255C000AFD25 /* RestaurantDetailTextCell.swift in Sources */,
				F27B2F01263261C000BFDA57 /* Restaurant.swift in Sources */,
				F2C84644263BA59F00ADFE31 /* ReviewViewController.swift in Sources */,
				F29499EB262E683D00558970 /* RestaurantTableViewCell.swift in Sources */,
				F29499D2262E4A1000558970 /* AppDelegate.swift in Sources */,
				F2E06EE32637AC2200C12C32 /* UIColor+Ext.swift in Sources */,
				F25559E426362774000AFD25 /* RestaurantDetailTwoColumnCell.swift in Sources */,
				F29499D4262E4A1000558970 /* SceneDelegate.swift in Sources */,
				F25559CC26346C3A000AFD25 /* RestaurantDiffableDataSource.swift in Sources */,
				F2E06EEF2638648600C12C32 /* RestaurantDetailMapCell.swift in Sources */,
				F25559D22634C0A8000AFD25 /* RestaurantDetailViewController.swift in Sources */,
				F2204CF0263CF1F40069D299 /* RoundedTextField.swift in Sources */,
				F25559DD26361F25000AFD25 /* RestaurantDetailHeaderView.swift in Sources */,
				F2E06EE62637AFB500C12C32 /* NavigationController.swift in Sources */,
				F29499E8262E4BFF00558970 /* RestaurantTableViewController.swift in Sources */,
				F26F94412639AFE500F8D5A5 /* MapViewController.swift in Sources */,
			);
			runOnlyForDeploymentPostprocessing = 0;
		};
/* End PBXSourcesBuildPhase section */

/* Begin PBXVariantGroup section */
		F29499D7262E4A1000558970 /* Main.storyboard */ = {
			isa = PBXVariantGroup;
			children = (
				F29499D8262E4A1000558970 /* Base */,
			);
			name = Main.storyboard;
			sourceTree = "<group>";
		};
		F29499DC262E4A1300558970 /* LaunchScreen.storyboard */ = {
			isa = PBXVariantGroup;
			children = (
				F29499DD262E4A1300558970 /* Base */,
			);
			name = LaunchScreen.storyboard;
			sourceTree = "<group>";
		};
/* End PBXVariantGroup section */

/* Begin XCBuildConfiguration section */
		F29499E0262E4A1300558970 /* Debug */ = {
			isa = XCBuildConfiguration;
			buildSettings = {
				ALWAYS_SEARCH_USER_PATHS = NO;
				CLANG_ANALYZER_NONNULL = YES;
				CLANG_ANALYZER_NUMBER_OBJECT_CONVERSION = YES_AGGRESSIVE;
				CLANG_CXX_LANGUAGE_STANDARD = "gnu++14";
				CLANG_CXX_LIBRARY = "libc++";
				CLANG_ENABLE_MODULES = YES;
				CLANG_ENABLE_OBJC_ARC = YES;
				CLANG_ENABLE_OBJC_WEAK = YES;
				CLANG_WARN_BLOCK_CAPTURE_AUTORELEASING = YES;
				CLANG_WARN_BOOL_CONVERSION = YES;
				CLANG_WARN_COMMA = YES;
				CLANG_WARN_CONSTANT_CONVERSION = YES;
				CLANG_WARN_DEPRECATED_OBJC_IMPLEMENTATIONS = YES;
				CLANG_WARN_DIRECT_OBJC_ISA_USAGE = YES_ERROR;
				CLANG_WARN_DOCUMENTATION_COMMENTS = YES;
				CLANG_WARN_EMPTY_BODY = YES;
				CLANG_WARN_ENUM_CONVERSION = YES;
				CLANG_WARN_INFINITE_RECURSION = YES;
				CLANG_WARN_INT_CONVERSION = YES;
				CLANG_WARN_NON_LITERAL_NULL_CONVERSION = YES;
				CLANG_WARN_OBJC_IMPLICIT_RETAIN_SELF = YES;
				CLANG_WARN_OBJC_LITERAL_CONVERSION = YES;
				CLANG_WARN_OBJC_ROOT_CLASS = YES_ERROR;
				CLANG_WARN_QUOTED_INCLUDE_IN_FRAMEWORK_HEADER = YES;
				CLANG_WARN_RANGE_LOOP_ANALYSIS = YES;
				CLANG_WARN_STRICT_PROTOTYPES = YES;
				CLANG_WARN_SUSPICIOUS_MOVE = YES;
				CLANG_WARN_UNGUARDED_AVAILABILITY = YES_AGGRESSIVE;
				CLANG_WARN_UNREACHABLE_CODE = YES;
				CLANG_WARN__DUPLICATE_METHOD_MATCH = YES;
				COPY_PHASE_STRIP = NO;
				DEBUG_INFORMATION_FORMAT = dwarf;
				ENABLE_STRICT_OBJC_MSGSEND = YES;
				ENABLE_TESTABILITY = YES;
				GCC_C_LANGUAGE_STANDARD = gnu11;
				GCC_DYNAMIC_NO_PIC = NO;
				GCC_NO_COMMON_BLOCKS = YES;
				GCC_OPTIMIZATION_LEVEL = 0;
				GCC_PREPROCESSOR_DEFINITIONS = (
					"DEBUG=1",
					"$(inherited)",
				);
				GCC_WARN_64_TO_32_BIT_CONVERSION = YES;
				GCC_WARN_ABOUT_RETURN_TYPE = YES_ERROR;
				GCC_WARN_UNDECLARED_SELECTOR = YES;
				GCC_WARN_UNINITIALIZED_AUTOS = YES_AGGRESSIVE;
				GCC_WARN_UNUSED_FUNCTION = YES;
				GCC_WARN_UNUSED_VARIABLE = YES;
				IPHONEOS_DEPLOYMENT_TARGET = 14.4;
				MTL_ENABLE_DEBUG_INFO = INCLUDE_SOURCE;
				MTL_FAST_MATH = YES;
				ONLY_ACTIVE_ARCH = YES;
				SDKROOT = iphoneos;
				SWIFT_ACTIVE_COMPILATION_CONDITIONS = DEBUG;
				SWIFT_OPTIMIZATION_LEVEL = "-Onone";
			};
			name = Debug;
		};
		F29499E1262E4A1300558970 /* Release */ = {
			isa = XCBuildConfiguration;
			buildSettings = {
				ALWAYS_SEARCH_USER_PATHS = NO;
				CLANG_ANALYZER_NONNULL = YES;
				CLANG_ANALYZER_NUMBER_OBJECT_CONVERSION = YES_AGGRESSIVE;
				CLANG_CXX_LANGUAGE_STANDARD = "gnu++14";
				CLANG_CXX_LIBRARY = "libc++";
				CLANG_ENABLE_MODULES = YES;
				CLANG_ENABLE_OBJC_ARC = YES;
				CLANG_ENABLE_OBJC_WEAK = YES;
				CLANG_WARN_BLOCK_CAPTURE_AUTORELEASING = YES;
				CLANG_WARN_BOOL_CONVERSION = YES;
				CLANG_WARN_COMMA = YES;
				CLANG_WARN_CONSTANT_CONVERSION = YES;
				CLANG_WARN_DEPRECATED_OBJC_IMPLEMENTATIONS = YES;
				CLANG_WARN_DIRECT_OBJC_ISA_USAGE = YES_ERROR;
				CLANG_WARN_DOCUMENTATION_COMMENTS = YES;
				CLANG_WARN_EMPTY_BODY = YES;
				CLANG_WARN_ENUM_CONVERSION = YES;
				CLANG_WARN_INFINITE_RECURSION = YES;
				CLANG_WARN_INT_CONVERSION = YES;
				CLANG_WARN_NON_LITERAL_NULL_CONVERSION = YES;
				CLANG_WARN_OBJC_IMPLICIT_RETAIN_SELF = YES;
				CLANG_WARN_OBJC_LITERAL_CONVERSION = YES;
				CLANG_WARN_OBJC_ROOT_CLASS = YES_ERROR;
				CLANG_WARN_QUOTED_INCLUDE_IN_FRAMEWORK_HEADER = YES;
				CLANG_WARN_RANGE_LOOP_ANALYSIS = YES;
				CLANG_WARN_STRICT_PROTOTYPES = YES;
				CLANG_WARN_SUSPICIOUS_MOVE = YES;
				CLANG_WARN_UNGUARDED_AVAILABILITY = YES_AGGRESSIVE;
				CLANG_WARN_UNREACHABLE_CODE = YES;
				CLANG_WARN__DUPLICATE_METHOD_MATCH = YES;
				COPY_PHASE_STRIP = NO;
				DEBUG_INFORMATION_FORMAT = "dwarf-with-dsym";
				ENABLE_NS_ASSERTIONS = NO;
				ENABLE_STRICT_OBJC_MSGSEND = YES;
				GCC_C_LANGUAGE_STANDARD = gnu11;
				GCC_NO_COMMON_BLOCKS = YES;
				GCC_WARN_64_TO_32_BIT_CONVERSION = YES;
				GCC_WARN_ABOUT_RETURN_TYPE = YES_ERROR;
				GCC_WARN_UNDECLARED_SELECTOR = YES;
				GCC_WARN_UNINITIALIZED_AUTOS = YES_AGGRESSIVE;
				GCC_WARN_UNUSED_FUNCTION = YES;
				GCC_WARN_UNUSED_VARIABLE = YES;
				IPHONEOS_DEPLOYMENT_TARGET = 14.4;
				MTL_ENABLE_DEBUG_INFO = NO;
				MTL_FAST_MATH = YES;
				SDKROOT = iphoneos;
				SWIFT_COMPILATION_MODE = wholemodule;
				SWIFT_OPTIMIZATION_LEVEL = "-O";
				VALIDATE_PRODUCT = YES;
			};
			name = Release;
		};
		F29499E3262E4A1300558970 /* Debug */ = {
			isa = XCBuildConfiguration;
			buildSettings = {
				ASSETCATALOG_COMPILER_APPICON_NAME = AppIcon;
				ASSETCATALOG_COMPILER_GLOBAL_ACCENT_COLOR_NAME = AccentColor;
				CODE_SIGN_STYLE = Automatic;
				DEVELOPMENT_TEAM = WK5667T9F8;
				INFOPLIST_FILE = FoodPin/Info.plist;
				LD_RUNPATH_SEARCH_PATHS = (
					"$(inherited)",
					"@executable_path/Frameworks",
				);
				PRODUCT_BUNDLE_IDENTIFIER = com.chrisgaona.FoodPin;
				PRODUCT_NAME = "$(TARGET_NAME)";
				SWIFT_VERSION = 5.0;
				TARGETED_DEVICE_FAMILY = "1,2";
			};
			name = Debug;
		};
		F29499E4262E4A1300558970 /* Release */ = {
			isa = XCBuildConfiguration;
			buildSettings = {
				ASSETCATALOG_COMPILER_APPICON_NAME = AppIcon;
				ASSETCATALOG_COMPILER_GLOBAL_ACCENT_COLOR_NAME = AccentColor;
				CODE_SIGN_STYLE = Automatic;
				DEVELOPMENT_TEAM = WK5667T9F8;
				INFOPLIST_FILE = FoodPin/Info.plist;
				LD_RUNPATH_SEARCH_PATHS = (
					"$(inherited)",
					"@executable_path/Frameworks",
				);
				PRODUCT_BUNDLE_IDENTIFIER = com.chrisgaona.FoodPin;
				PRODUCT_NAME = "$(TARGET_NAME)";
				SWIFT_VERSION = 5.0;
				TARGETED_DEVICE_FAMILY = "1,2";
			};
			name = Release;
		};
/* End XCBuildConfiguration section */

/* Begin XCConfigurationList section */
		F29499C9262E4A1000558970 /* Build configuration list for PBXProject "FoodPin" */ = {
			isa = XCConfigurationList;
			buildConfigurations = (
				F29499E0262E4A1300558970 /* Debug */,
				F29499E1262E4A1300558970 /* Release */,
			);
			defaultConfigurationIsVisible = 0;
			defaultConfigurationName = Release;
		};
		F29499E2262E4A1300558970 /* Build configuration list for PBXNativeTarget "FoodPin" */ = {
			isa = XCConfigurationList;
			buildConfigurations = (
				F29499E3262E4A1300558970 /* Debug */,
				F29499E4262E4A1300558970 /* Release */,
			);
			defaultConfigurationIsVisible = 0;
			defaultConfigurationName = Release;
		};
/* End XCConfigurationList section */
	};
	rootObject = F29499C6262E4A1000558970 /* Project object */;
}
